
Microsoft Visual Studio Solution File, Format Version 12.00
# Visual Studio Version 17
VisualStudioVersion = 17.0.31903.59
MinimumVisualStudioVersion = 10.0.40219.1
Global
	GlobalSection(SolutionConfigurationPlatforms) = preSolution
		Debug|Any CPU = Debug|Any CPU
		Release|Any CPU = Release|Any CPU
	EndGlobalSection
	GlobalSection(SolutionProperties) = preSolution
		HideSolutionNode = FALSE
	EndGlobalSection
	GlobalSection(ProjectConfigurationPlatforms) = postSolution
		{494C2478-6CF4-4391-8D1F-483BB1535201}.Debug|Any CPU.ActiveCfg = Debug|Any CPU
		{494C2478-6CF4-4391-8D1F-483BB1535201}.Debug|Any CPU.Build.0 = Debug|Any CPU
		{494C2478-6CF4-4391-8D1F-483BB1535201}.Release|Any CPU.ActiveCfg = Release|Any CPU
		{494C2478-6CF4-4391-8D1F-483BB1535201}.Release|Any CPU.Build.0 = Release|Any CPU
		{AA1A62C3-CDFB-416A-B519-DF42257179EB}.Debug|Any CPU.ActiveCfg = Debug|Any CPU
		{AA1A62C3-CDFB-416A-B519-DF42257179EB}.Debug|Any CPU.Build.0 = Debug|Any CPU
		{AA1A62C3-CDFB-416A-B519-DF42257179EB}.Release|Any CPU.ActiveCfg = Release|Any CPU
		{AA1A62C3-CDFB-416A-B519-DF42257179EB}.Release|Any CPU.Build.0 = Release|Any CPU
		{1E7D4A5C-400E-481B-97A6-21C2CD35282D}.Debug|Any CPU.ActiveCfg = Debug|Any CPU
		{1E7D4A5C-400E-481B-97A6-21C2CD35282D}.Debug|Any CPU.Build.0 = Debug|Any CPU
		{1E7D4A5C-400E-481B-97A6-21C2CD35282D}.Release|Any CPU.ActiveCfg = Release|Any CPU
		{1E7D4A5C-400E-481B-97A6-21C2CD35282D}.Release|Any CPU.Build.0 = Release|Any CPU
	EndGlobalSection
	GlobalSection(NestedProjects) = preSolution
		{494C2478-6CF4-4391-8D1F-483BB1535201} = {96A7C048-0716-42E8-9FB0-C80F529B3EFA}
		{1E7D4A5C-400E-481B-97A6-21C2CD35282D} = {96A7C048-0716-42E8-9FB0-C80F529B3EFA}
	EndGlobalSection
EndGlobal
